// !$*UTF8*$!
{
	archiveVersion = 1;
	classes = {
	};
	objectVersion = 55;
	objects = {

/* Begin PBXBuildFile section */
		99682C172819962D00394060 /* DetailViewController.swift in Sources */ = {isa = PBXBuildFile; fileRef = 99682C162819962D00394060 /* DetailViewController.swift */; };
		99ADF6772814E02300EED168 /* AppDelegate.swift in Sources */ = {isa = PBXBuildFile; fileRef = 99ADF6762814E02300EED168 /* AppDelegate.swift */; };
		99ADF6792814E02300EED168 /* SceneDelegate.swift in Sources */ = {isa = PBXBuildFile; fileRef = 99ADF6782814E02300EED168 /* SceneDelegate.swift */; };
		99ADF67B2814E02300EED168 /* ViewController.swift in Sources */ = {isa = PBXBuildFile; fileRef = 99ADF67A2814E02300EED168 /* ViewController.swift */; };
		99ADF67E2814E02300EED168 /* Main.storyboard in Resources */ = {isa = PBXBuildFile; fileRef = 99ADF67C2814E02300EED168 /* Main.storyboard */; };
		99ADF6802814E02700EED168 /* Assets.xcassets in Resources */ = {isa = PBXBuildFile; fileRef = 99ADF67F2814E02700EED168 /* Assets.xcassets */; };
		99ADF6832814E02700EED168 /* LaunchScreen.storyboard in Resources */ = {isa = PBXBuildFile; fileRef = 99ADF6812814E02700EED168 /* LaunchScreen.storyboard */; };
		99ADF68B2814E16700EED168 /* ListViewController.swift in Sources */ = {isa = PBXBuildFile; fileRef = 99ADF68A2814E16700EED168 /* ListViewController.swift */; };
		99ADF68D2814F23600EED168 /* MovieVO.swift in Sources */ = {isa = PBXBuildFile; fileRef = 99ADF68C2814F23600EED168 /* MovieVO.swift */; };
		99ADF68F281517FE00EED168 /* MovieCell.swift in Sources */ = {isa = PBXBuildFile; fileRef = 99ADF68E281517FE00EED168 /* MovieCell.swift */; };
/* End PBXBuildFile section */

/* Begin PBXFileReference section */
		99682C162819962D00394060 /* DetailViewController.swift */ = {isa = PBXFileReference; lastKnownFileType = sourcecode.swift; path = DetailViewController.swift; sourceTree = "<group>"; };
		99ADF6732814E02300EED168 /* MyMovieChart.app */ = {isa = PBXFileReference; explicitFileType = wrapper.application; includeInIndex = 0; path = MyMovieChart.app; sourceTree = BUILT_PRODUCTS_DIR; };
		99ADF6762814E02300EED168 /* AppDelegate.swift */ = {isa = PBXFileReference; lastKnownFileType = sourcecode.swift; path = AppDelegate.swift; sourceTree = "<group>"; };
		99ADF6782814E02300EED168 /* SceneDelegate.swift */ = {isa = PBXFileReference; lastKnownFileType = sourcecode.swift; path = SceneDelegate.swift; sourceTree = "<group>"; };
		99ADF67A2814E02300EED168 /* ViewController.swift */ = {isa = PBXFileReference; lastKnownFileType = sourcecode.swift; path = ViewController.swift; sourceTree = "<group>"; };
		99ADF67D2814E02300EED168 /* Base */ = {isa = PBXFileReference; lastKnownFileType = file.storyboard; name = Base; path = Base.lproj/Main.storyboard; sourceTree = "<group>"; };
		99ADF67F2814E02700EED168 /* Assets.xcassets */ = {isa = PBXFileReference; lastKnownFileType = folder.assetcatalog; path = Assets.xcassets; sourceTree = "<group>"; };
		99ADF6822814E02700EED168 /* Base */ = {isa = PBXFileReference; lastKnownFileType = file.storyboard; name = Base; path = Base.lproj/LaunchScreen.storyboard; sourceTree = "<group>"; };
		99ADF6842814E02700EED168 /* Info.plist */ = {isa = PBXFileReference; lastKnownFileType = text.plist.xml; path = Info.plist; sourceTree = "<group>"; };
		99ADF68A2814E16700EED168 /* ListViewController.swift */ = {isa = PBXFileReference; lastKnownFileType = sourcecode.swift; path = ListViewController.swift; sourceTree = "<group>"; };
		99ADF68C2814F23600EED168 /* MovieVO.swift */ = {isa = PBXFileReference; lastKnownFileType = sourcecode.swift; path = MovieVO.swift; sourceTree = "<group>"; };
		99ADF68E281517FE00EED168 /* MovieCell.swift */ = {isa = PBXFileReference; lastKnownFileType = sourcecode.swift; path = MovieCell.swift; sourceTree = "<group>"; };
/* End PBXFileReference section */

/* Begin PBXFrameworksBuildPhase section */
		99ADF6702814E02300EED168 /* Frameworks */ = {
			isa = PBXFrameworksBuildPhase;
			buildActionMask = 2147483647;
			files = (
			);
			runOnlyForDeploymentPostprocessing = 0;
		};
/* End PBXFrameworksBuildPhase section */

/* Begin PBXGroup section */
		99ADF66A2814E02300EED168 = {
			isa = PBXGroup;
			children = (
				99ADF6752814E02300EED168 /* MyMovieChart */,
				99ADF6742814E02300EED168 /* Products */,
			);
			sourceTree = "<group>";
		};
		99ADF6742814E02300EED168 /* Products */ = {
			isa = PBXGroup;
			children = (
				99ADF6732814E02300EED168 /* MyMovieChart.app */,
			);
			name = Products;
			sourceTree = "<group>";
		};
		99ADF6752814E02300EED168 /* MyMovieChart */ = {
			isa = PBXGroup;
			children = (
				99ADF6762814E02300EED168 /* AppDelegate.swift */,
				99ADF6782814E02300EED168 /* SceneDelegate.swift */,
				99ADF67A2814E02300EED168 /* ViewController.swift */,
				99ADF67C2814E02300EED168 /* Main.storyboard */,
				99ADF67F2814E02700EED168 /* Assets.xcassets */,
				99ADF6812814E02700EED168 /* LaunchScreen.storyboard */,
				99ADF6842814E02700EED168 /* Info.plist */,
				99ADF68A2814E16700EED168 /* ListViewController.swift */,
				99ADF68C2814F23600EED168 /* MovieVO.swift */,
				99ADF68E281517FE00EED168 /* MovieCell.swift */,
				99682C162819962D00394060 /* DetailViewController.swift */,
			);
			path = MyMovieChart;
			sourceTree = "<group>";
		};
/* End PBXGroup section */

/* Begin PBXNativeTarget section */
		99ADF6722814E02300EED168 /* MyMovieChart */ = {
			isa = PBXNativeTarget;
			buildConfigurationList = 99ADF6872814E02700EED168 /* Build configuration list for PBXNativeTarget "MyMovieChart" */;
			buildPhases = (
				99ADF66F2814E02300EED168 /* Sources */,
				99ADF6702814E02300EED168 /* Frameworks */,
				99ADF6712814E02300EED168 /* Resources */,
			);
			buildRules = (
			);
			dependencies = (
			);
			name = MyMovieChart;
			productName = MyMovieChart;
			productReference = 99ADF6732814E02300EED168 /* MyMovieChart.app */;
			productType = "com.apple.product-type.application";
		};
/* End PBXNativeTarget section */

/* Begin PBXProject section */
		99ADF66B2814E02300EED168 /* Project object */ = {
			isa = PBXProject;
			attributes = {
				BuildIndependentTargetsInParallel = 1;
				LastSwiftUpdateCheck = 1330;
				LastUpgradeCheck = 1330;
				TargetAttributes = {
					99ADF6722814E02300EED168 = {
						CreatedOnToolsVersion = 13.3.1;
					};
				};
			};
			buildConfigurationList = 99ADF66E2814E02300EED168 /* Build configuration list for PBXProject "MyMovieChart" */;
			compatibilityVersion = "Xcode 13.0";
			developmentRegion = en;
			hasScannedForEncodings = 0;
			knownRegions = (
				en,
				Base,
			);
			mainGroup = 99ADF66A2814E02300EED168;
			productRefGroup = 99ADF6742814E02300EED168 /* Products */;
			projectDirPath = "";
			projectRoot = "";
			targets = (
				99ADF6722814E02300EED168 /* MyMovieChart */,
			);
		};
/* End PBXProject section */

/* Begin PBXResourcesBuildPhase section */
		99ADF6712814E02300EED168 /* Resources */ = {
			isa = PBXResourcesBuildPhase;
			buildActionMask = 2147483647;
			files = (
				99ADF6832814E02700EED168 /* LaunchScreen.storyboard in Resources */,
				99ADF6802814E02700EED168 /* Assets.xcassets in Resources */,
				99ADF67E2814E02300EED168 /* Main.storyboard in Resources */,
			);
			runOnlyForDeploymentPostprocessing = 0;
		};
/* End PBXResourcesBuildPhase section */

/* Begin PBXSourcesBuildPhase section */
		99ADF66F2814E02300EED168 /* Sources */ = {
			isa = PBXSourcesBuildPhase;
			buildActionMask = 2147483647;
			files = (
				99ADF67B2814E02300EED168 /* ViewController.swift in Sources */,
				99ADF6772814E02300EED168 /* AppDelegate.swift in Sources */,
				99682C172819962D00394060 /* DetailViewController.swift in Sources */,
				99ADF68F281517FE00EED168 /* MovieCell.swift in Sources */,
				99ADF68B2814E16700EED168 /* ListViewController.swift in Sources */,
				99ADF6792814E02300EED168 /* SceneDelegate.swift in Sources */,
				99ADF68D2814F23600EED168 /* MovieVO.swift in Sources */,
			);
			runOnlyForDeploymentPostprocessing = 0;
		};
/* End PBXSourcesBuildPhase section */

/* Begin PBXVariantGroup section */
		99ADF67C2814E02300EED168 /* Main.storyboard */ = {
			isa = PBXVariantGroup;
			children = (
				99ADF67D2814E02300EED168 /* Base */,
			);
			name = Main.storyboard;
			sourceTree = "<group>";
		};
		99ADF6812814E02700EED168 /* LaunchScreen.storyboard */ = {
			isa = PBXVariantGroup;
			children = (
				99ADF6822814E02700EED168 /* Base */,
			);
			name = LaunchScreen.storyboard;
			sourceTree = "<group>";
		};
/* End PBXVariantGroup section */

/* Begin XCBuildConfiguration section */
		99ADF6852814E02700EED168 /* Debug */ = {
			isa = XCBuildConfiguration;
			buildSettings = {
				ALWAYS_SEARCH_USER_PATHS = NO;
				CLANG_ANALYZER_NONNULL = YES;
				CLANG_ANALYZER_NUMBER_OBJECT_CONVERSION = YES_AGGRESSIVE;
				CLANG_CXX_LANGUAGE_STANDARD = "gnu++17";
				CLANG_ENABLE_MODULES = YES;
				CLANG_ENABLE_OBJC_ARC = YES;
				CLANG_ENABLE_OBJC_WEAK = YES;
				CLANG_WARN_BLOCK_CAPTURE_AUTORELEASING = YES;
				CLANG_WARN_BOOL_CONVERSION = YES;
				CLANG_WARN_COMMA = YES;
				CLANG_WARN_CONSTANT_CONVERSION = YES;
				CLANG_WARN_DEPRECATED_OBJC_IMPLEMENTATIONS = YES;
				CLANG_WARN_DIRECT_OBJC_ISA_USAGE = YES_ERROR;
				CLANG_WARN_DOCUMENTATION_COMMENTS = YES;
				CLANG_WARN_EMPTY_BODY = YES;
				CLANG_WARN_ENUM_CONVERSION = YES;
				CLANG_WARN_INFINITE_RECURSION = YES;
				CLANG_WARN_INT_CONVERSION = YES;
				CLANG_WARN_NON_LITERAL_NULL_CONVERSION = YES;
				CLANG_WARN_OBJC_IMPLICIT_RETAIN_SELF = YES;
				CLANG_WARN_OBJC_LITERAL_CONVERSION = YES;
				CLANG_WARN_OBJC_ROOT_CLASS = YES_ERROR;
				CLANG_WARN_QUOTED_INCLUDE_IN_FRAMEWORK_HEADER = YES;
				CLANG_WARN_RANGE_LOOP_ANALYSIS = YES;
				CLANG_WARN_STRICT_PROTOTYPES = YES;
				CLANG_WARN_SUSPICIOUS_MOVE = YES;
				CLANG_WARN_UNGUARDED_AVAILABILITY = YES_AGGRESSIVE;
				CLANG_WARN_UNREACHABLE_CODE = YES;
				CLANG_WARN__DUPLICATE_METHOD_MATCH = YES;
				COPY_PHASE_STRIP = NO;
				DEBUG_INFORMATION_FORMAT = dwarf;
				ENABLE_STRICT_OBJC_MSGSEND = YES;
				ENABLE_TESTABILITY = YES;
				GCC_C_LANGUAGE_STANDARD = gnu11;
				GCC_DYNAMIC_NO_PIC = NO;
				GCC_NO_COMMON_BLOCKS = YES;
				GCC_OPTIMIZATION_LEVEL = 0;
				GCC_PREPROCESSOR_DEFINITIONS = (
					"DEBUG=1",
					"$(inherited)",
				);
				GCC_WARN_64_TO_32_BIT_CONVERSION = YES;
				GCC_WARN_ABOUT_RETURN_TYPE = YES_ERROR;
				GCC_WARN_UNDECLARED_SELECTOR = YES;
				GCC_WARN_UNINITIALIZED_AUTOS = YES_AGGRESSIVE;
				GCC_WARN_UNUSED_FUNCTION = YES;
				GCC_WARN_UNUSED_VARIABLE = YES;
				IPHONEOS_DEPLOYMENT_TARGET = 15.4;
				MTL_ENABLE_DEBUG_INFO = INCLUDE_SOURCE;
				MTL_FAST_MATH = YES;
				ONLY_ACTIVE_ARCH = YES;
				SDKROOT = iphoneos;
				SWIFT_ACTIVE_COMPILATION_CONDITIONS = DEBUG;
				SWIFT_OPTIMIZATION_LEVEL = "-Onone";
			};
			name = Debug;
		};
		99ADF6862814E02700EED168 /* Release */ = {
			isa = XCBuildConfiguration;
			buildSettings = {
				ALWAYS_SEARCH_USER_PATHS = NO;
				CLANG_ANALYZER_NONNULL = YES;
				CLANG_ANALYZER_NUMBER_OBJECT_CONVERSION = YES_AGGRESSIVE;
				CLANG_CXX_LANGUAGE_STANDARD = "gnu++17";
				CLANG_ENABLE_MODULES = YES;
				CLANG_ENABLE_OBJC_ARC = YES;
				CLANG_ENABLE_OBJC_WEAK = YES;
				CLANG_WARN_BLOCK_CAPTURE_AUTORELEASING = YES;
				CLANG_WARN_BOOL_CONVERSION = YES;
				CLANG_WARN_COMMA = YES;
				CLANG_WARN_CONSTANT_CONVERSION = YES;
				CLANG_WARN_DEPRECATED_OBJC_IMPLEMENTATIONS = YES;
				CLANG_WARN_DIRECT_OBJC_ISA_USAGE = YES_ERROR;
				CLANG_WARN_DOCUMENTATION_COMMENTS = YES;
				CLANG_WARN_EMPTY_BODY = YES;
				CLANG_WARN_ENUM_CONVERSION = YES;
				CLANG_WARN_INFINITE_RECURSION = YES;
				CLANG_WARN_INT_CONVERSION = YES;
				CLANG_WARN_NON_LITERAL_NULL_CONVERSION = YES;
				CLANG_WARN_OBJC_IMPLICIT_RETAIN_SELF = YES;
				CLANG_WARN_OBJC_LITERAL_CONVERSION = YES;
				CLANG_WARN_OBJC_ROOT_CLASS = YES_ERROR;
				CLANG_WARN_QUOTED_INCLUDE_IN_FRAMEWORK_HEADER = YES;
				CLANG_WARN_RANGE_LOOP_ANALYSIS = YES;
				CLANG_WARN_STRICT_PROTOTYPES = YES;
				CLANG_WARN_SUSPICIOUS_MOVE = YES;
				CLANG_WARN_UNGUARDED_AVAILABILITY = YES_AGGRESSIVE;
				CLANG_WARN_UNREACHABLE_CODE = YES;
				CLANG_WARN__DUPLICATE_METHOD_MATCH = YES;
				COPY_PHASE_STRIP = NO;
				DEBUG_INFORMATION_FORMAT = "dwarf-with-dsym";
				ENABLE_NS_ASSERTIONS = NO;
				ENABLE_STRICT_OBJC_MSGSEND = YES;
				GCC_C_LANGUAGE_STANDARD = gnu11;
				GCC_NO_COMMON_BLOCKS = YES;
				GCC_WARN_64_TO_32_BIT_CONVERSION = YES;
				GCC_WARN_ABOUT_RETURN_TYPE = YES_ERROR;
				GCC_WARN_UNDECLARED_SELECTOR = YES;
				GCC_WARN_UNINITIALIZED_AUTOS = YES_AGGRESSIVE;
				GCC_WARN_UNUSED_FUNCTION = YES;
				GCC_WARN_UNUSED_VARIABLE = YES;
				IPHONEOS_DEPLOYMENT_TARGET = 15.4;
				MTL_ENABLE_DEBUG_INFO = NO;
				MTL_FAST_MATH = YES;
				SDKROOT = iphoneos;
				SWIFT_COMPILATION_MODE = wholemodule;
				SWIFT_OPTIMIZATION_LEVEL = "-O";
				VALIDATE_PRODUCT = YES;
			};
			name = Release;
		};
		99ADF6882814E02700EED168 /* Debug */ = {
			isa = XCBuildConfiguration;
			buildSettings = {
				ASSETCATALOG_COMPILER_APPICON_NAME = AppIcon;
				ASSETCATALOG_COMPILER_GLOBAL_ACCENT_COLOR_NAME = AccentColor;
				CODE_SIGN_STYLE = Automatic;
				CURRENT_PROJECT_VERSION = 1;
				DEVELOPMENT_TEAM = 252A989XMN;
				GENERATE_INFOPLIST_FILE = YES;
				INFOPLIST_FILE = MyMovieChart/Info.plist;
				INFOPLIST_KEY_UIApplicationSupportsIndirectInputEvents = YES;
				INFOPLIST_KEY_UILaunchStoryboardName = LaunchScreen;
				INFOPLIST_KEY_UIMainStoryboardFile = Main;
				INFOPLIST_KEY_UISupportedInterfaceOrientations_iPad = "UIInterfaceOrientationPortrait UIInterfaceOrientationPortraitUpsideDown UIInterfaceOrientationLandscapeLeft UIInterfaceOrientationLandscapeRight";
				INFOPLIST_KEY_UISupportedInterfaceOrientations_iPhone = "UIInterfaceOrientationPortrait UIInterfaceOrientationLandscapeLeft UIInterfaceOrientationLandscapeRight";
				LD_RUNPATH_SEARCH_PATHS = (
					"$(inherited)",
					"@executable_path/Frameworks",
				);
				MARKETING_VERSION = 1.0;
				PRODUCT_BUNDLE_IDENTIFIER = LeeHsss.MyMovieChart;
				PRODUCT_NAME = "$(TARGET_NAME)";
				SWIFT_EMIT_LOC_STRINGS = YES;
				SWIFT_VERSION = 5.0;
				TARGETED_DEVICE_FAMILY = "1,2";
			};
			name = Debug;
		};
		99ADF6892814E02700EED168 /* Release */ = {
			isa = XCBuildConfiguration;
			buildSettings = {
				ASSETCATALOG_COMPILER_APPICON_NAME = AppIcon;
				ASSETCATALOG_COMPILER_GLOBAL_ACCENT_COLOR_NAME = AccentColor;
				CODE_SIGN_STYLE = Automatic;
				CURRENT_PROJECT_VERSION = 1;
				DEVELOPMENT_TEAM = 252A989XMN;
				GENERATE_INFOPLIST_FILE = YES;
				INFOPLIST_FILE = MyMovieChart/Info.plist;
				INFOPLIST_KEY_UIApplicationSupportsIndirectInputEvents = YES;
				INFOPLIST_KEY_UILaunchStoryboardName = LaunchScreen;
				INFOPLIST_KEY_UIMainStoryboardFile = Main;
				INFOPLIST_KEY_UISupportedInterfaceOrientations_iPad = "UIInterfaceOrientationPortrait UIInterfaceOrientationPortraitUpsideDown UIInterfaceOrientationLandscapeLeft UIInterfaceOrientationLandscapeRight";
				INFOPLIST_KEY_UISupportedInterfaceOrientations_iPhone = "UIInterfaceOrientationPortrait UIInterfaceOrientationLandscapeLeft UIInterfaceOrientationLandscapeRight";
				LD_RUNPATH_SEARCH_PATHS = (
					"$(inherited)",
					"@executable_path/Frameworks",
				);
				MARKETING_VERSION = 1.0;
				PRODUCT_BUNDLE_IDENTIFIER = LeeHsss.MyMovieChart;
				PRODUCT_NAME = "$(TARGET_NAME)";
				SWIFT_EMIT_LOC_STRINGS = YES;
				SWIFT_VERSION = 5.0;
				TARGETED_DEVICE_FAMILY = "1,2";
			};
			name = Release;
		};
/* End XCBuildConfiguration section */

/* Begin XCConfigurationList section */
		99ADF66E2814E02300EED168 /* Build configuration list for PBXProject "MyMovieChart" */ = {
			isa = XCConfigurationList;
			buildConfigurations = (
				99ADF6852814E02700EED168 /* Debug */,
				99ADF6862814E02700EED168 /* Release */,
			);
			defaultConfigurationIsVisible = 0;
			defaultConfigurationName = Release;
		};
		99ADF6872814E02700EED168 /* Build configuration list for PBXNativeTarget "MyMovieChart" */ = {
			isa = XCConfigurationList;
			buildConfigurations = (
				99ADF6882814E02700EED168 /* Debug */,
				99ADF6892814E02700EED168 /* Release */,
			);
			defaultConfigurationIsVisible = 0;
			defaultConfigurationName = Release;
		};
/* End XCConfigurationList section */
	};
	rootObject = 99ADF66B2814E02300EED168 /* Project object */;
}
